
Microsoft Visual Studio Solution File, Format Version 12.00
# Visual Studio 15
VisualStudioVersion = 15.0.28307.421
MinimumVisualStudioVersion = 10.0.40219.1
Project("{FAE04EC0-301F-11D3-BF4B-00C04F79EFBC}") = "Ards.Tools.Adif.Domain", "Ards.Tools.Domain\Ards.Tools.Adif.Domain.csproj", "{7782CC62-01D1-42C1-9680-01A2F908E672}"
EndProject
Project("{FAE04EC0-301F-11D3-BF4B-00C04F79EFBC}") = "Ards.Tools.Adif.Api", "Ards.Tools.Adif.Api\Ards.Tools.Adif.Api.csproj", "{982B56B6-3A8A-42E6-8EB8-C001ACBE986A}"
EndProject
Global
	GlobalSection(SolutionConfigurationPlatforms) = preSolution
		Debug|Any CPU = Debug|Any CPU
		Release|Any CPU = Release|Any CPU
	EndGlobalSection
	GlobalSection(ProjectConfigurationPlatforms) = postSolution
		{7782CC62-01D1-42C1-9680-01A2F908E672}.Debug|Any CPU.ActiveCfg = Debug|Any CPU
		{7782CC62-01D1-42C1-9680-01A2F908E672}.Debug|Any CPU.Build.0 = Debug|Any CPU
		{7782CC62-01D1-42C1-9680-01A2F908E672}.Release|Any CPU.ActiveCfg = Release|Any CPU
		{7782CC62-01D1-42C1-9680-01A2F908E672}.Release|Any CPU.Build.0 = Release|Any CPU
		{982B56B6-3A8A-42E6-8EB8-C001ACBE986A}.Debug|Any CPU.ActiveCfg = Debug|Any CPU
		{982B56B6-3A8A-42E6-8EB8-C001ACBE986A}.Debug|Any CPU.Build.0 = Debug|Any CPU
		{982B56B6-3A8A-42E6-8EB8-C001ACBE986A}.Release|Any CPU.ActiveCfg = Release|Any CPU
		{982B56B6-3A8A-42E6-8EB8-C001ACBE986A}.Release|Any CPU.Build.0 = Release|Any CPU
	EndGlobalSection
	GlobalSection(SolutionProperties) = preSolution
		HideSolutionNode = FALSE
	EndGlobalSection
	GlobalSection(ExtensibilityGlobals) = postSolution
		SolutionGuid = {6CFA9116-75CB-4ECB-AB83-35BA9E516203}
	EndGlobalSection
EndGlobal
