
Microsoft Visual Studio Solution File, Format Version 12.00
# Visual Studio 15
VisualStudioVersion = 15.0.28307.329
MinimumVisualStudioVersion = 10.0.40219.1
Project("{FAE04EC0-301F-11D3-BF4B-00C04F79EFBC}") = "Ards.NetCore.Entity", "Ards.NetCore.Entity\Ards.NetCore.Entity.csproj", "{DD0EA67F-0942-42A2-983E-292315DE1879}"
EndProject
Global
	GlobalSection(SolutionConfigurationPlatforms) = preSolution
		Debug|Any CPU = Debug|Any CPU
		Release|Any CPU = Release|Any CPU
	EndGlobalSection
	GlobalSection(ProjectConfigurationPlatforms) = postSolution
		{DD0EA67F-0942-42A2-983E-292315DE1879}.Debug|Any CPU.ActiveCfg = Debug|Any CPU
		{DD0EA67F-0942-42A2-983E-292315DE1879}.Debug|Any CPU.Build.0 = Debug|Any CPU
		{DD0EA67F-0942-42A2-983E-292315DE1879}.Release|Any CPU.ActiveCfg = Release|Any CPU
		{DD0EA67F-0942-42A2-983E-292315DE1879}.Release|Any CPU.Build.0 = Release|Any CPU
	EndGlobalSection
	GlobalSection(SolutionProperties) = preSolution
		HideSolutionNode = FALSE
	EndGlobalSection
	GlobalSection(ExtensibilityGlobals) = postSolution
		SolutionGuid = {A130EBB4-A1DD-416E-A6A8-C79184A4A563}
	EndGlobalSection
EndGlobal
